// !$*UTF8*$!
{
	archiveVersion = 1;
	classes = {
	};
	objectVersion = 56;
	objects = {

/* Begin PBXBuildFile section */
		B07D9F4B2B285F5F004BBD20 /* NewzApp.swift in Sources */ = {isa = PBXBuildFile; fileRef = B07D9F4A2B285F5F004BBD20 /* NewzApp.swift */; };
		B07D9F4D2B285F5F004BBD20 /* ContentView.swift in Sources */ = {isa = PBXBuildFile; fileRef = B07D9F4C2B285F5F004BBD20 /* ContentView.swift */; };
		B07D9F4F2B285F63004BBD20 /* Assets.xcassets in Resources */ = {isa = PBXBuildFile; fileRef = B07D9F4E2B285F63004BBD20 /* Assets.xcassets */; };
		B07D9F522B285F63004BBD20 /* Preview Assets.xcassets in Resources */ = {isa = PBXBuildFile; fileRef = B07D9F512B285F63004BBD20 /* Preview Assets.xcassets */; };
		B07D9F5C2B285F64004BBD20 /* NewzTests.swift in Sources */ = {isa = PBXBuildFile; fileRef = B07D9F5B2B285F64004BBD20 /* NewzTests.swift */; };
		B07D9F662B285F64004BBD20 /* NewzUITests.swift in Sources */ = {isa = PBXBuildFile; fileRef = B07D9F652B285F64004BBD20 /* NewzUITests.swift */; };
		B07D9F682B285F64004BBD20 /* NewzUITestsLaunchTests.swift in Sources */ = {isa = PBXBuildFile; fileRef = B07D9F672B285F64004BBD20 /* NewzUITestsLaunchTests.swift */; };
		B07D9F762B297C97004BBD20 /* PostModel.swift in Sources */ = {isa = PBXBuildFile; fileRef = B07D9F752B297C97004BBD20 /* PostModel.swift */; };
		B07D9F782B297FF5004BBD20 /* NetworkManager.swift in Sources */ = {isa = PBXBuildFile; fileRef = B07D9F772B297FF5004BBD20 /* NetworkManager.swift */; };
		B07D9F7D2B29932E004BBD20 /* NewsListView.swift in Sources */ = {isa = PBXBuildFile; fileRef = B07D9F7C2B29932E004BBD20 /* NewsListView.swift */; };
		B07D9F7F2B29B9ED004BBD20 /* ArticleDetailView.swift in Sources */ = {isa = PBXBuildFile; fileRef = B07D9F7E2B29B9ED004BBD20 /* ArticleDetailView.swift */; };
		B07D9F812B2AFF44004BBD20 /* Config.plist in Resources */ = {isa = PBXBuildFile; fileRef = B07D9F802B2AFF43004BBD20 /* Config.plist */; };
/* End PBXBuildFile section */

/* Begin PBXContainerItemProxy section */
		B07D9F582B285F64004BBD20 /* PBXContainerItemProxy */ = {
			isa = PBXContainerItemProxy;
			containerPortal = B07D9F3F2B285F5F004BBD20 /* Project object */;
			proxyType = 1;
			remoteGlobalIDString = B07D9F462B285F5F004BBD20;
			remoteInfo = Newz;
		};
		B07D9F622B285F64004BBD20 /* PBXContainerItemProxy */ = {
			isa = PBXContainerItemProxy;
			containerPortal = B07D9F3F2B285F5F004BBD20 /* Project object */;
			proxyType = 1;
			remoteGlobalIDString = B07D9F462B285F5F004BBD20;
			remoteInfo = Newz;
		};
/* End PBXContainerItemProxy section */

/* Begin PBXFileReference section */
		B07D9F472B285F5F004BBD20 /* Newz.app */ = {isa = PBXFileReference; explicitFileType = wrapper.application; includeInIndex = 0; path = Newz.app; sourceTree = BUILT_PRODUCTS_DIR; };
		B07D9F4A2B285F5F004BBD20 /* NewzApp.swift */ = {isa = PBXFileReference; lastKnownFileType = sourcecode.swift; path = NewzApp.swift; sourceTree = "<group>"; };
		B07D9F4C2B285F5F004BBD20 /* ContentView.swift */ = {isa = PBXFileReference; lastKnownFileType = sourcecode.swift; path = ContentView.swift; sourceTree = "<group>"; };
		B07D9F4E2B285F63004BBD20 /* Assets.xcassets */ = {isa = PBXFileReference; lastKnownFileType = folder.assetcatalog; path = Assets.xcassets; sourceTree = "<group>"; };
		B07D9F512B285F63004BBD20 /* Preview Assets.xcassets */ = {isa = PBXFileReference; lastKnownFileType = folder.assetcatalog; path = "Preview Assets.xcassets"; sourceTree = "<group>"; };
		B07D9F572B285F64004BBD20 /* NewzTests.xctest */ = {isa = PBXFileReference; explicitFileType = wrapper.cfbundle; includeInIndex = 0; path = NewzTests.xctest; sourceTree = BUILT_PRODUCTS_DIR; };
		B07D9F5B2B285F64004BBD20 /* NewzTests.swift */ = {isa = PBXFileReference; lastKnownFileType = sourcecode.swift; path = NewzTests.swift; sourceTree = "<group>"; };
		B07D9F612B285F64004BBD20 /* NewzUITests.xctest */ = {isa = PBXFileReference; explicitFileType = wrapper.cfbundle; includeInIndex = 0; path = NewzUITests.xctest; sourceTree = BUILT_PRODUCTS_DIR; };
		B07D9F652B285F64004BBD20 /* NewzUITests.swift */ = {isa = PBXFileReference; lastKnownFileType = sourcecode.swift; path = NewzUITests.swift; sourceTree = "<group>"; };
		B07D9F672B285F64004BBD20 /* NewzUITestsLaunchTests.swift */ = {isa = PBXFileReference; lastKnownFileType = sourcecode.swift; path = NewzUITestsLaunchTests.swift; sourceTree = "<group>"; };
		B07D9F752B297C97004BBD20 /* PostModel.swift */ = {isa = PBXFileReference; lastKnownFileType = sourcecode.swift; path = PostModel.swift; sourceTree = "<group>"; };
		B07D9F772B297FF5004BBD20 /* NetworkManager.swift */ = {isa = PBXFileReference; lastKnownFileType = sourcecode.swift; path = NetworkManager.swift; sourceTree = "<group>"; };
		B07D9F7C2B29932E004BBD20 /* NewsListView.swift */ = {isa = PBXFileReference; lastKnownFileType = sourcecode.swift; path = NewsListView.swift; sourceTree = "<group>"; };
		B07D9F7E2B29B9ED004BBD20 /* ArticleDetailView.swift */ = {isa = PBXFileReference; lastKnownFileType = sourcecode.swift; path = ArticleDetailView.swift; sourceTree = "<group>"; };
		B07D9F802B2AFF43004BBD20 /* Config.plist */ = {isa = PBXFileReference; lastKnownFileType = text.plist.xml; path = Config.plist; sourceTree = "<group>"; };
/* End PBXFileReference section */

/* Begin PBXFrameworksBuildPhase section */
		B07D9F442B285F5F004BBD20 /* Frameworks */ = {
			isa = PBXFrameworksBuildPhase;
			buildActionMask = 2147483647;
			files = (
			);
			runOnlyForDeploymentPostprocessing = 0;
		};
		B07D9F542B285F64004BBD20 /* Frameworks */ = {
			isa = PBXFrameworksBuildPhase;
			buildActionMask = 2147483647;
			files = (
			);
			runOnlyForDeploymentPostprocessing = 0;
		};
		B07D9F5E2B285F64004BBD20 /* Frameworks */ = {
			isa = PBXFrameworksBuildPhase;
			buildActionMask = 2147483647;
			files = (
			);
			runOnlyForDeploymentPostprocessing = 0;
		};
/* End PBXFrameworksBuildPhase section */

/* Begin PBXGroup section */
		B07D9F3E2B285F5F004BBD20 = {
			isa = PBXGroup;
			children = (
				B07D9F492B285F5F004BBD20 /* Newz */,
				B07D9F5A2B285F64004BBD20 /* NewzTests */,
				B07D9F642B285F64004BBD20 /* NewzUITests */,
				B07D9F482B285F5F004BBD20 /* Products */,
			);
			sourceTree = "<group>";
		};
		B07D9F482B285F5F004BBD20 /* Products */ = {
			isa = PBXGroup;
			children = (
				B07D9F472B285F5F004BBD20 /* Newz.app */,
				B07D9F572B285F64004BBD20 /* NewzTests.xctest */,
				B07D9F612B285F64004BBD20 /* NewzUITests.xctest */,
			);
			name = Products;
			sourceTree = "<group>";
		};
		B07D9F492B285F5F004BBD20 /* Newz */ = {
			isa = PBXGroup;
			children = (
				B07D9F792B2992EE004BBD20 /* Views */,
				B07D9F742B297C76004BBD20 /* Models */,
				B07D9F4A2B285F5F004BBD20 /* NewzApp.swift */,
				B07D9F4C2B285F5F004BBD20 /* ContentView.swift */,
				B07D9F4E2B285F63004BBD20 /* Assets.xcassets */,
				B07D9F502B285F63004BBD20 /* Preview Content */,
				B07D9F802B2AFF43004BBD20 /* Config.plist */,
			);
			path = Newz;
			sourceTree = "<group>";
		};
		B07D9F502B285F63004BBD20 /* Preview Content */ = {
			isa = PBXGroup;
			children = (
				B07D9F512B285F63004BBD20 /* Preview Assets.xcassets */,
			);
			path = "Preview Content";
			sourceTree = "<group>";
		};
		B07D9F5A2B285F64004BBD20 /* NewzTests */ = {
			isa = PBXGroup;
			children = (
				B07D9F5B2B285F64004BBD20 /* NewzTests.swift */,
			);
			path = NewzTests;
			sourceTree = "<group>";
		};
		B07D9F642B285F64004BBD20 /* NewzUITests */ = {
			isa = PBXGroup;
			children = (
				B07D9F652B285F64004BBD20 /* NewzUITests.swift */,
				B07D9F672B285F64004BBD20 /* NewzUITestsLaunchTests.swift */,
			);
			path = NewzUITests;
			sourceTree = "<group>";
		};
		B07D9F742B297C76004BBD20 /* Models */ = {
			isa = PBXGroup;
			children = (
				B07D9F752B297C97004BBD20 /* PostModel.swift */,
				B07D9F772B297FF5004BBD20 /* NetworkManager.swift */,
			);
			path = Models;
			sourceTree = "<group>";
		};
		B07D9F792B2992EE004BBD20 /* Views */ = {
			isa = PBXGroup;
			children = (
				B07D9F7C2B29932E004BBD20 /* NewsListView.swift */,
				B07D9F7E2B29B9ED004BBD20 /* ArticleDetailView.swift */,
			);
			path = Views;
			sourceTree = "<group>";
		};
/* End PBXGroup section */

/* Begin PBXNativeTarget section */
		B07D9F462B285F5F004BBD20 /* Newz */ = {
			isa = PBXNativeTarget;
			buildConfigurationList = B07D9F6B2B285F64004BBD20 /* Build configuration list for PBXNativeTarget "Newz" */;
			buildPhases = (
				B07D9F432B285F5F004BBD20 /* Sources */,
				B07D9F442B285F5F004BBD20 /* Frameworks */,
				B07D9F452B285F5F004BBD20 /* Resources */,
			);
			buildRules = (
			);
			dependencies = (
			);
			name = Newz;
			productName = Newz;
			productReference = B07D9F472B285F5F004BBD20 /* Newz.app */;
			productType = "com.apple.product-type.application";
		};
		B07D9F562B285F64004BBD20 /* NewzTests */ = {
			isa = PBXNativeTarget;
			buildConfigurationList = B07D9F6E2B285F64004BBD20 /* Build configuration list for PBXNativeTarget "NewzTests" */;
			buildPhases = (
				B07D9F532B285F64004BBD20 /* Sources */,
				B07D9F542B285F64004BBD20 /* Frameworks */,
				B07D9F552B285F64004BBD20 /* Resources */,
			);
			buildRules = (
			);
			dependencies = (
				B07D9F592B285F64004BBD20 /* PBXTargetDependency */,
			);
			name = NewzTests;
			productName = NewzTests;
			productReference = B07D9F572B285F64004BBD20 /* NewzTests.xctest */;
			productType = "com.apple.product-type.bundle.unit-test";
		};
		B07D9F602B285F64004BBD20 /* NewzUITests */ = {
			isa = PBXNativeTarget;
			buildConfigurationList = B07D9F712B285F64004BBD20 /* Build configuration list for PBXNativeTarget "NewzUITests" */;
			buildPhases = (
				B07D9F5D2B285F64004BBD20 /* Sources */,
				B07D9F5E2B285F64004BBD20 /* Frameworks */,
				B07D9F5F2B285F64004BBD20 /* Resources */,
			);
			buildRules = (
			);
			dependencies = (
				B07D9F632B285F64004BBD20 /* PBXTargetDependency */,
			);
			name = NewzUITests;
			productName = NewzUITests;
			productReference = B07D9F612B285F64004BBD20 /* NewzUITests.xctest */;
			productType = "com.apple.product-type.bundle.ui-testing";
		};
/* End PBXNativeTarget section */

/* Begin PBXProject section */
		B07D9F3F2B285F5F004BBD20 /* Project object */ = {
			isa = PBXProject;
			attributes = {
				BuildIndependentTargetsInParallel = 1;
				LastSwiftUpdateCheck = 1500;
				LastUpgradeCheck = 1500;
				TargetAttributes = {
					B07D9F462B285F5F004BBD20 = {
						CreatedOnToolsVersion = 15.0.1;
					};
					B07D9F562B285F64004BBD20 = {
						CreatedOnToolsVersion = 15.0.1;
						TestTargetID = B07D9F462B285F5F004BBD20;
					};
					B07D9F602B285F64004BBD20 = {
						CreatedOnToolsVersion = 15.0.1;
						TestTargetID = B07D9F462B285F5F004BBD20;
					};
				};
			};
			buildConfigurationList = B07D9F422B285F5F004BBD20 /* Build configuration list for PBXProject "Newz" */;
			compatibilityVersion = "Xcode 14.0";
			developmentRegion = en;
			hasScannedForEncodings = 0;
			knownRegions = (
				en,
				Base,
			);
			mainGroup = B07D9F3E2B285F5F004BBD20;
			productRefGroup = B07D9F482B285F5F004BBD20 /* Products */;
			projectDirPath = "";
			projectRoot = "";
			targets = (
				B07D9F462B285F5F004BBD20 /* Newz */,
				B07D9F562B285F64004BBD20 /* NewzTests */,
				B07D9F602B285F64004BBD20 /* NewzUITests */,
			);
		};
/* End PBXProject section */

/* Begin PBXResourcesBuildPhase section */
		B07D9F452B285F5F004BBD20 /* Resources */ = {
			isa = PBXResourcesBuildPhase;
			buildActionMask = 2147483647;
			files = (
				B07D9F522B285F63004BBD20 /* Preview Assets.xcassets in Resources */,
				B07D9F812B2AFF44004BBD20 /* Config.plist in Resources */,
				B07D9F4F2B285F63004BBD20 /* Assets.xcassets in Resources */,
			);
			runOnlyForDeploymentPostprocessing = 0;
		};
		B07D9F552B285F64004BBD20 /* Resources */ = {
			isa = PBXResourcesBuildPhase;
			buildActionMask = 2147483647;
			files = (
			);
			runOnlyForDeploymentPostprocessing = 0;
		};
		B07D9F5F2B285F64004BBD20 /* Resources */ = {
			isa = PBXResourcesBuildPhase;
			buildActionMask = 2147483647;
			files = (
			);
			runOnlyForDeploymentPostprocessing = 0;
		};
/* End PBXResourcesBuildPhase section */

/* Begin PBXSourcesBuildPhase section */
		B07D9F432B285F5F004BBD20 /* Sources */ = {
			isa = PBXSourcesBuildPhase;
			buildActionMask = 2147483647;
			files = (
				B07D9F7F2B29B9ED004BBD20 /* ArticleDetailView.swift in Sources */,
				B07D9F782B297FF5004BBD20 /* NetworkManager.swift in Sources */,
				B07D9F4D2B285F5F004BBD20 /* ContentView.swift in Sources */,
				B07D9F7D2B29932E004BBD20 /* NewsListView.swift in Sources */,
				B07D9F762B297C97004BBD20 /* PostModel.swift in Sources */,
				B07D9F4B2B285F5F004BBD20 /* NewzApp.swift in Sources */,
			);
			runOnlyForDeploymentPostprocessing = 0;
		};
		B07D9F532B285F64004BBD20 /* Sources */ = {
			isa = PBXSourcesBuildPhase;
			buildActionMask = 2147483647;
			files = (
				B07D9F5C2B285F64004BBD20 /* NewzTests.swift in Sources */,
			);
			runOnlyForDeploymentPostprocessing = 0;
		};
		B07D9F5D2B285F64004BBD20 /* Sources */ = {
			isa = PBXSourcesBuildPhase;
			buildActionMask = 2147483647;
			files = (
				B07D9F682B285F64004BBD20 /* NewzUITestsLaunchTests.swift in Sources */,
				B07D9F662B285F64004BBD20 /* NewzUITests.swift in Sources */,
			);
			runOnlyForDeploymentPostprocessing = 0;
		};
/* End PBXSourcesBuildPhase section */

/* Begin PBXTargetDependency section */
		B07D9F592B285F64004BBD20 /* PBXTargetDependency */ = {
			isa = PBXTargetDependency;
			target = B07D9F462B285F5F004BBD20 /* Newz */;
			targetProxy = B07D9F582B285F64004BBD20 /* PBXContainerItemProxy */;
		};
		B07D9F632B285F64004BBD20 /* PBXTargetDependency */ = {
			isa = PBXTargetDependency;
			target = B07D9F462B285F5F004BBD20 /* Newz */;
			targetProxy = B07D9F622B285F64004BBD20 /* PBXContainerItemProxy */;
		};
/* End PBXTargetDependency section */

/* Begin XCBuildConfiguration section */
		B07D9F692B285F64004BBD20 /* Debug */ = {
			isa = XCBuildConfiguration;
			buildSettings = {
				ALWAYS_SEARCH_USER_PATHS = NO;
				ASSETCATALOG_COMPILER_GENERATE_SWIFT_ASSET_SYMBOL_EXTENSIONS = YES;
				CLANG_ANALYZER_NONNULL = YES;
				CLANG_ANALYZER_NUMBER_OBJECT_CONVERSION = YES_AGGRESSIVE;
				CLANG_CXX_LANGUAGE_STANDARD = "gnu++20";
				CLANG_ENABLE_MODULES = YES;
				CLANG_ENABLE_OBJC_ARC = YES;
				CLANG_ENABLE_OBJC_WEAK = YES;
				CLANG_WARN_BLOCK_CAPTURE_AUTORELEASING = YES;
				CLANG_WARN_BOOL_CONVERSION = YES;
				CLANG_WARN_COMMA = YES;
				CLANG_WARN_CONSTANT_CONVERSION = YES;
				CLANG_WARN_DEPRECATED_OBJC_IMPLEMENTATIONS = YES;
				CLANG_WARN_DIRECT_OBJC_ISA_USAGE = YES_ERROR;
				CLANG_WARN_DOCUMENTATION_COMMENTS = YES;
				CLANG_WARN_EMPTY_BODY = YES;
				CLANG_WARN_ENUM_CONVERSION = YES;
				CLANG_WARN_INFINITE_RECURSION = YES;
				CLANG_WARN_INT_CONVERSION = YES;
				CLANG_WARN_NON_LITERAL_NULL_CONVERSION = YES;
				CLANG_WARN_OBJC_IMPLICIT_RETAIN_SELF = YES;
				CLANG_WARN_OBJC_LITERAL_CONVERSION = YES;
				CLANG_WARN_OBJC_ROOT_CLASS = YES_ERROR;
				CLANG_WARN_QUOTED_INCLUDE_IN_FRAMEWORK_HEADER = YES;
				CLANG_WARN_RANGE_LOOP_ANALYSIS = YES;
				CLANG_WARN_STRICT_PROTOTYPES = YES;
				CLANG_WARN_SUSPICIOUS_MOVE = YES;
				CLANG_WARN_UNGUARDED_AVAILABILITY = YES_AGGRESSIVE;
				CLANG_WARN_UNREACHABLE_CODE = YES;
				CLANG_WARN__DUPLICATE_METHOD_MATCH = YES;
				COPY_PHASE_STRIP = NO;
				DEBUG_INFORMATION_FORMAT = dwarf;
				ENABLE_STRICT_OBJC_MSGSEND = YES;
				ENABLE_TESTABILITY = YES;
				ENABLE_USER_SCRIPT_SANDBOXING = YES;
				GCC_C_LANGUAGE_STANDARD = gnu17;
				GCC_DYNAMIC_NO_PIC = NO;
				GCC_NO_COMMON_BLOCKS = YES;
				GCC_OPTIMIZATION_LEVEL = 0;
				GCC_PREPROCESSOR_DEFINITIONS = (
					"DEBUG=1",
					"$(inherited)",
				);
				GCC_WARN_64_TO_32_BIT_CONVERSION = YES;
				GCC_WARN_ABOUT_RETURN_TYPE = YES_ERROR;
				GCC_WARN_UNDECLARED_SELECTOR = YES;
				GCC_WARN_UNINITIALIZED_AUTOS = YES_AGGRESSIVE;
				GCC_WARN_UNUSED_FUNCTION = YES;
				GCC_WARN_UNUSED_VARIABLE = YES;
				IPHONEOS_DEPLOYMENT_TARGET = 17.0;
				LOCALIZATION_PREFERS_STRING_CATALOGS = YES;
				MTL_ENABLE_DEBUG_INFO = INCLUDE_SOURCE;
				MTL_FAST_MATH = YES;
				ONLY_ACTIVE_ARCH = YES;
				SDKROOT = iphoneos;
				SWIFT_ACTIVE_COMPILATION_CONDITIONS = "DEBUG $(inherited)";
				SWIFT_OPTIMIZATION_LEVEL = "-Onone";
			};
			name = Debug;
		};
		B07D9F6A2B285F64004BBD20 /* Release */ = {
			isa = XCBuildConfiguration;
			buildSettings = {
				ALWAYS_SEARCH_USER_PATHS = NO;
				ASSETCATALOG_COMPILER_GENERATE_SWIFT_ASSET_SYMBOL_EXTENSIONS = YES;
				CLANG_ANALYZER_NONNULL = YES;
				CLANG_ANALYZER_NUMBER_OBJECT_CONVERSION = YES_AGGRESSIVE;
				CLANG_CXX_LANGUAGE_STANDARD = "gnu++20";
				CLANG_ENABLE_MODULES = YES;
				CLANG_ENABLE_OBJC_ARC = YES;
				CLANG_ENABLE_OBJC_WEAK = YES;
				CLANG_WARN_BLOCK_CAPTURE_AUTORELEASING = YES;
				CLANG_WARN_BOOL_CONVERSION = YES;
				CLANG_WARN_COMMA = YES;
				CLANG_WARN_CONSTANT_CONVERSION = YES;
				CLANG_WARN_DEPRECATED_OBJC_IMPLEMENTATIONS = YES;
				CLANG_WARN_DIRECT_OBJC_ISA_USAGE = YES_ERROR;
				CLANG_WARN_DOCUMENTATION_COMMENTS = YES;
				CLANG_WARN_EMPTY_BODY = YES;
				CLANG_WARN_ENUM_CONVERSION = YES;
				CLANG_WARN_INFINITE_RECURSION = YES;
				CLANG_WARN_INT_CONVERSION = YES;
				CLANG_WARN_NON_LITERAL_NULL_CONVERSION = YES;
				CLANG_WARN_OBJC_IMPLICIT_RETAIN_SELF = YES;
				CLANG_WARN_OBJC_LITERAL_CONVERSION = YES;
				CLANG_WARN_OBJC_ROOT_CLASS = YES_ERROR;
				CLANG_WARN_QUOTED_INCLUDE_IN_FRAMEWORK_HEADER = YES;
				CLANG_WARN_RANGE_LOOP_ANALYSIS = YES;
				CLANG_WARN_STRICT_PROTOTYPES = YES;
				CLANG_WARN_SUSPICIOUS_MOVE = YES;
				CLANG_WARN_UNGUARDED_AVAILABILITY = YES_AGGRESSIVE;
				CLANG_WARN_UNREACHABLE_CODE = YES;
				CLANG_WARN__DUPLICATE_METHOD_MATCH = YES;
				COPY_PHASE_STRIP = NO;
				DEBUG_INFORMATION_FORMAT = "dwarf-with-dsym";
				ENABLE_NS_ASSERTIONS = NO;
				ENABLE_STRICT_OBJC_MSGSEND = YES;
				ENABLE_USER_SCRIPT_SANDBOXING = YES;
				GCC_C_LANGUAGE_STANDARD = gnu17;
				GCC_NO_COMMON_BLOCKS = YES;
				GCC_WARN_64_TO_32_BIT_CONVERSION = YES;
				GCC_WARN_ABOUT_RETURN_TYPE = YES_ERROR;
				GCC_WARN_UNDECLARED_SELECTOR = YES;
				GCC_WARN_UNINITIALIZED_AUTOS = YES_AGGRESSIVE;
				GCC_WARN_UNUSED_FUNCTION = YES;
				GCC_WARN_UNUSED_VARIABLE = YES;
				IPHONEOS_DEPLOYMENT_TARGET = 17.0;
				LOCALIZATION_PREFERS_STRING_CATALOGS = YES;
				MTL_ENABLE_DEBUG_INFO = NO;
				MTL_FAST_MATH = YES;
				SDKROOT = iphoneos;
				SWIFT_COMPILATION_MODE = wholemodule;
				VALIDATE_PRODUCT = YES;
			};
			name = Release;
		};
		B07D9F6C2B285F64004BBD20 /* Debug */ = {
			isa = XCBuildConfiguration;
			buildSettings = {
				ASSETCATALOG_COMPILER_APPICON_NAME = AppIcon;
				ASSETCATALOG_COMPILER_GLOBAL_ACCENT_COLOR_NAME = AccentColor;
				CODE_SIGN_STYLE = Automatic;
				CURRENT_PROJECT_VERSION = 1;
				DEVELOPMENT_ASSET_PATHS = "\"Newz/Preview Content\"";
				ENABLE_PREVIEWS = YES;
				GENERATE_INFOPLIST_FILE = YES;
				INFOPLIST_KEY_UIApplicationSceneManifest_Generation = YES;
				INFOPLIST_KEY_UIApplicationSupportsIndirectInputEvents = YES;
				INFOPLIST_KEY_UILaunchScreen_Generation = YES;
				INFOPLIST_KEY_UISupportedInterfaceOrientations_iPad = "UIInterfaceOrientationPortrait UIInterfaceOrientationPortraitUpsideDown UIInterfaceOrientationLandscapeLeft UIInterfaceOrientationLandscapeRight";
				INFOPLIST_KEY_UISupportedInterfaceOrientations_iPhone = "UIInterfaceOrientationPortrait UIInterfaceOrientationLandscapeLeft UIInterfaceOrientationLandscapeRight";
				LD_RUNPATH_SEARCH_PATHS = (
					"$(inherited)",
					"@executable_path/Frameworks",
				);
				MARKETING_VERSION = 1.0;
				PRODUCT_BUNDLE_IDENTIFIER = com.ios.Newz;
				PRODUCT_NAME = "$(TARGET_NAME)";
				SWIFT_EMIT_LOC_STRINGS = YES;
				SWIFT_VERSION = 5.0;
				TARGETED_DEVICE_FAMILY = "1,2";
			};
			name = Debug;
		};
		B07D9F6D2B285F64004BBD20 /* Release */ = {
			isa = XCBuildConfiguration;
			buildSettings = {
				ASSETCATALOG_COMPILER_APPICON_NAME = AppIcon;
				ASSETCATALOG_COMPILER_GLOBAL_ACCENT_COLOR_NAME = AccentColor;
				CODE_SIGN_STYLE = Automatic;
				CURRENT_PROJECT_VERSION = 1;
				DEVELOPMENT_ASSET_PATHS = "\"Newz/Preview Content\"";
				ENABLE_PREVIEWS = YES;
				GENERATE_INFOPLIST_FILE = YES;
				INFOPLIST_KEY_UIApplicationSceneManifest_Generation = YES;
				INFOPLIST_KEY_UIApplicationSupportsIndirectInputEvents = YES;
				INFOPLIST_KEY_UILaunchScreen_Generation = YES;
				INFOPLIST_KEY_UISupportedInterfaceOrientations_iPad = "UIInterfaceOrientationPortrait UIInterfaceOrientationPortraitUpsideDown UIInterfaceOrientationLandscapeLeft UIInterfaceOrientationLandscapeRight";
				INFOPLIST_KEY_UISupportedInterfaceOrientations_iPhone = "UIInterfaceOrientationPortrait UIInterfaceOrientationLandscapeLeft UIInterfaceOrientationLandscapeRight";
				LD_RUNPATH_SEARCH_PATHS = (
					"$(inherited)",
					"@executable_path/Frameworks",
				);
				MARKETING_VERSION = 1.0;
				PRODUCT_BUNDLE_IDENTIFIER = com.ios.Newz;
				PRODUCT_NAME = "$(TARGET_NAME)";
				SWIFT_EMIT_LOC_STRINGS = YES;
				SWIFT_VERSION = 5.0;
				TARGETED_DEVICE_FAMILY = "1,2";
			};
			name = Release;
		};
		B07D9F6F2B285F64004BBD20 /* Debug */ = {
			isa = XCBuildConfiguration;
			buildSettings = {
				ALWAYS_EMBED_SWIFT_STANDARD_LIBRARIES = YES;
				BUNDLE_LOADER = "$(TEST_HOST)";
				CODE_SIGN_STYLE = Automatic;
				CURRENT_PROJECT_VERSION = 1;
				GENERATE_INFOPLIST_FILE = YES;
				IPHONEOS_DEPLOYMENT_TARGET = 17.0;
				MARKETING_VERSION = 1.0;
				PRODUCT_BUNDLE_IDENTIFIER = com.ios.NewzTests;
				PRODUCT_NAME = "$(TARGET_NAME)";
				SWIFT_EMIT_LOC_STRINGS = NO;
				SWIFT_VERSION = 5.0;
				TARGETED_DEVICE_FAMILY = "1,2";
				TEST_HOST = "$(BUILT_PRODUCTS_DIR)/Newz.app/$(BUNDLE_EXECUTABLE_FOLDER_PATH)/Newz";
			};
			name = Debug;
		};
		B07D9F702B285F64004BBD20 /* Release */ = {
			isa = XCBuildConfiguration;
			buildSettings = {
				ALWAYS_EMBED_SWIFT_STANDARD_LIBRARIES = YES;
				BUNDLE_LOADER = "$(TEST_HOST)";
				CODE_SIGN_STYLE = Automatic;
				CURRENT_PROJECT_VERSION = 1;
				GENERATE_INFOPLIST_FILE = YES;
				IPHONEOS_DEPLOYMENT_TARGET = 17.0;
				MARKETING_VERSION = 1.0;
				PRODUCT_BUNDLE_IDENTIFIER = com.ios.NewzTests;
				PRODUCT_NAME = "$(TARGET_NAME)";
				SWIFT_EMIT_LOC_STRINGS = NO;
				SWIFT_VERSION = 5.0;
				TARGETED_DEVICE_FAMILY = "1,2";
				TEST_HOST = "$(BUILT_PRODUCTS_DIR)/Newz.app/$(BUNDLE_EXECUTABLE_FOLDER_PATH)/Newz";
			};
			name = Release;
		};
		B07D9F722B285F64004BBD20 /* Debug */ = {
			isa = XCBuildConfiguration;
			buildSettings = {
				ALWAYS_EMBED_SWIFT_STANDARD_LIBRARIES = YES;
				CODE_SIGN_STYLE = Automatic;
				CURRENT_PROJECT_VERSION = 1;
				GENERATE_INFOPLIST_FILE = YES;
				MARKETING_VERSION = 1.0;
				PRODUCT_BUNDLE_IDENTIFIER = com.ios.NewzUITests;
				PRODUCT_NAME = "$(TARGET_NAME)";
				SWIFT_EMIT_LOC_STRINGS = NO;
				SWIFT_VERSION = 5.0;
				TARGETED_DEVICE_FAMILY = "1,2";
				TEST_TARGET_NAME = Newz;
			};
			name = Debug;
		};
		B07D9F732B285F64004BBD20 /* Release */ = {
			isa = XCBuildConfiguration;
			buildSettings = {
				ALWAYS_EMBED_SWIFT_STANDARD_LIBRARIES = YES;
				CODE_SIGN_STYLE = Automatic;
				CURRENT_PROJECT_VERSION = 1;
				GENERATE_INFOPLIST_FILE = YES;
				MARKETING_VERSION = 1.0;
				PRODUCT_BUNDLE_IDENTIFIER = com.ios.NewzUITests;
				PRODUCT_NAME = "$(TARGET_NAME)";
				SWIFT_EMIT_LOC_STRINGS = NO;
				SWIFT_VERSION = 5.0;
				TARGETED_DEVICE_FAMILY = "1,2";
				TEST_TARGET_NAME = Newz;
			};
			name = Release;
		};
/* End XCBuildConfiguration section */

/* Begin XCConfigurationList section */
		B07D9F422B285F5F004BBD20 /* Build configuration list for PBXProject "Newz" */ = {
			isa = XCConfigurationList;
			buildConfigurations = (
				B07D9F692B285F64004BBD20 /* Debug */,
				B07D9F6A2B285F64004BBD20 /* Release */,
			);
			defaultConfigurationIsVisible = 0;
			defaultConfigurationName = Release;
		};
		B07D9F6B2B285F64004BBD20 /* Build configuration list for PBXNativeTarget "Newz" */ = {
			isa = XCConfigurationList;
			buildConfigurations = (
				B07D9F6C2B285F64004BBD20 /* Debug */,
				B07D9F6D2B285F64004BBD20 /* Release */,
			);
			defaultConfigurationIsVisible = 0;
			defaultConfigurationName = Release;
		};
		B07D9F6E2B285F64004BBD20 /* Build configuration list for PBXNativeTarget "NewzTests" */ = {
			isa = XCConfigurationList;
			buildConfigurations = (
				B07D9F6F2B285F64004BBD20 /* Debug */,
				B07D9F702B285F64004BBD20 /* Release */,
			);
			defaultConfigurationIsVisible = 0;
			defaultConfigurationName = Release;
		};
		B07D9F712B285F64004BBD20 /* Build configuration list for PBXNativeTarget "NewzUITests" */ = {
			isa = XCConfigurationList;
			buildConfigurations = (
				B07D9F722B285F64004BBD20 /* Debug */,
				B07D9F732B285F64004BBD20 /* Release */,
			);
			defaultConfigurationIsVisible = 0;
			defaultConfigurationName = Release;
		};
/* End XCConfigurationList section */
	};
	rootObject = B07D9F3F2B285F5F004BBD20 /* Project object */;
}
